// !$*UTF8*$!
{
	archiveVersion = 1;
	classes = {
	};
	objectVersion = 56;
	objects = {

/* Begin PBXBuildFile section */
		529D3DA42B45947C00F8F4A1 /* HelperAppWindowSampleApp.swift in Sources */ = {isa = PBXBuildFile; fileRef = 529D3DA32B45947C00F8F4A1 /* HelperAppWindowSampleApp.swift */; };
		529D3DA62B45947C00F8F4A1 /* ContentView.swift in Sources */ = {isa = PBXBuildFile; fileRef = 529D3DA52B45947C00F8F4A1 /* ContentView.swift */; };
		529D3DA82B45947E00F8F4A1 /* Assets.xcassets in Resources */ = {isa = PBXBuildFile; fileRef = 529D3DA72B45947E00F8F4A1 /* Assets.xcassets */; };
		529D3DAB2B45947E00F8F4A1 /* Preview Assets.xcassets in Resources */ = {isa = PBXBuildFile; fileRef = 529D3DAA2B45947E00F8F4A1 /* Preview Assets.xcassets */; };
		529D3DB32B4594F500F8F4A1 /* Toast.swift in Sources */ = {isa = PBXBuildFile; fileRef = 529D3DB22B4594F500F8F4A1 /* Toast.swift */; };
		529D3DB52B45B49700F8F4A1 /* RootViewContainer.swift in Sources */ = {isa = PBXBuildFile; fileRef = 529D3DB42B45B49700F8F4A1 /* RootViewContainer.swift */; };
		529D3DB72B45B4D400F8F4A1 /* ToastGroup.swift in Sources */ = {isa = PBXBuildFile; fileRef = 529D3DB62B45B4D400F8F4A1 /* ToastGroup.swift */; };
		529D3DB92B45B4F900F8F4A1 /* ToastView.swift in Sources */ = {isa = PBXBuildFile; fileRef = 529D3DB82B45B4F900F8F4A1 /* ToastView.swift */; };
/* End PBXBuildFile section */

/* Begin PBXFileReference section */
		529D3DA02B45947C00F8F4A1 /* HelperAppWindowSample.app */ = {isa = PBXFileReference; explicitFileType = wrapper.application; includeInIndex = 0; path = HelperAppWindowSample.app; sourceTree = BUILT_PRODUCTS_DIR; };
		529D3DA32B45947C00F8F4A1 /* HelperAppWindowSampleApp.swift */ = {isa = PBXFileReference; lastKnownFileType = sourcecode.swift; path = HelperAppWindowSampleApp.swift; sourceTree = "<group>"; };
		529D3DA52B45947C00F8F4A1 /* ContentView.swift */ = {isa = PBXFileReference; lastKnownFileType = sourcecode.swift; path = ContentView.swift; sourceTree = "<group>"; };
		529D3DA72B45947E00F8F4A1 /* Assets.xcassets */ = {isa = PBXFileReference; lastKnownFileType = folder.assetcatalog; path = Assets.xcassets; sourceTree = "<group>"; };
		529D3DAA2B45947E00F8F4A1 /* Preview Assets.xcassets */ = {isa = PBXFileReference; lastKnownFileType = folder.assetcatalog; path = "Preview Assets.xcassets"; sourceTree = "<group>"; };
		529D3DB22B4594F500F8F4A1 /* Toast.swift */ = {isa = PBXFileReference; lastKnownFileType = sourcecode.swift; path = Toast.swift; sourceTree = "<group>"; };
		529D3DB42B45B49700F8F4A1 /* RootViewContainer.swift */ = {isa = PBXFileReference; lastKnownFileType = sourcecode.swift; path = RootViewContainer.swift; sourceTree = "<group>"; };
		529D3DB62B45B4D400F8F4A1 /* ToastGroup.swift */ = {isa = PBXFileReference; lastKnownFileType = sourcecode.swift; path = ToastGroup.swift; sourceTree = "<group>"; };
		529D3DB82B45B4F900F8F4A1 /* ToastView.swift */ = {isa = PBXFileReference; lastKnownFileType = sourcecode.swift; path = ToastView.swift; sourceTree = "<group>"; };
/* End PBXFileReference section */

/* Begin PBXFrameworksBuildPhase section */
		529D3D9D2B45947C00F8F4A1 /* Frameworks */ = {
			isa = PBXFrameworksBuildPhase;
			buildActionMask = 2147483647;
			files = (
			);
			runOnlyForDeploymentPostprocessing = 0;
		};
/* End PBXFrameworksBuildPhase section */

/* Begin PBXGroup section */
		529D3D972B45947C00F8F4A1 = {
			isa = PBXGroup;
			children = (
				529D3DA22B45947C00F8F4A1 /* HelperAppWindowSample */,
				529D3DA12B45947C00F8F4A1 /* Products */,
			);
			sourceTree = "<group>";
		};
		529D3DA12B45947C00F8F4A1 /* Products */ = {
			isa = PBXGroup;
			children = (
				529D3DA02B45947C00F8F4A1 /* HelperAppWindowSample.app */,
			);
			name = Products;
			sourceTree = "<group>";
		};
		529D3DA22B45947C00F8F4A1 /* HelperAppWindowSample */ = {
			isa = PBXGroup;
			children = (
				529D3DB12B4594E800F8F4A1 /* Helpers */,
				529D3DA32B45947C00F8F4A1 /* HelperAppWindowSampleApp.swift */,
				529D3DA52B45947C00F8F4A1 /* ContentView.swift */,
				529D3DA72B45947E00F8F4A1 /* Assets.xcassets */,
				529D3DA92B45947E00F8F4A1 /* Preview Content */,
			);
			path = HelperAppWindowSample;
			sourceTree = "<group>";
		};
		529D3DA92B45947E00F8F4A1 /* Preview Content */ = {
			isa = PBXGroup;
			children = (
				529D3DAA2B45947E00F8F4A1 /* Preview Assets.xcassets */,
			);
			path = "Preview Content";
			sourceTree = "<group>";
		};
		529D3DB12B4594E800F8F4A1 /* Helpers */ = {
			isa = PBXGroup;
			children = (
				529D3DB22B4594F500F8F4A1 /* Toast.swift */,
				529D3DB82B45B4F900F8F4A1 /* ToastView.swift */,
				529D3DB62B45B4D400F8F4A1 /* ToastGroup.swift */,
				529D3DB42B45B49700F8F4A1 /* RootViewContainer.swift */,
			);
			path = Helpers;
			sourceTree = "<group>";
		};
/* End PBXGroup section */

/* Begin PBXNativeTarget section */
		529D3D9F2B45947C00F8F4A1 /* HelperAppWindowSample */ = {
			isa = PBXNativeTarget;
			buildConfigurationList = 529D3DAE2B45947E00F8F4A1 /* Build configuration list for PBXNativeTarget "HelperAppWindowSample" */;
			buildPhases = (
				529D3D9C2B45947C00F8F4A1 /* Sources */,
				529D3D9D2B45947C00F8F4A1 /* Frameworks */,
				529D3D9E2B45947C00F8F4A1 /* Resources */,
			);
			buildRules = (
			);
			dependencies = (
			);
			name = HelperAppWindowSample;
			productName = HelperAppWindowSample;
			productReference = 529D3DA02B45947C00F8F4A1 /* HelperAppWindowSample.app */;
			productType = "com.apple.product-type.application";
		};
/* End PBXNativeTarget section */

/* Begin PBXProject section */
		529D3D982B45947C00F8F4A1 /* Project object */ = {
			isa = PBXProject;
			attributes = {
				BuildIndependentTargetsInParallel = 1;
				LastSwiftUpdateCheck = 1510;
				LastUpgradeCheck = 1510;
				TargetAttributes = {
					529D3D9F2B45947C00F8F4A1 = {
						CreatedOnToolsVersion = 15.1;
					};
				};
			};
			buildConfigurationList = 529D3D9B2B45947C00F8F4A1 /* Build configuration list for PBXProject "HelperAppWindowSample" */;
			compatibilityVersion = "Xcode 14.0";
			developmentRegion = en;
			hasScannedForEncodings = 0;
			knownRegions = (
				en,
				Base,
			);
			mainGroup = 529D3D972B45947C00F8F4A1;
			productRefGroup = 529D3DA12B45947C00F8F4A1 /* Products */;
			projectDirPath = "";
			projectRoot = "";
			targets = (
				529D3D9F2B45947C00F8F4A1 /* HelperAppWindowSample */,
			);
		};
/* End PBXProject section */

/* Begin PBXResourcesBuildPhase section */
		529D3D9E2B45947C00F8F4A1 /* Resources */ = {
			isa = PBXResourcesBuildPhase;
			buildActionMask = 2147483647;
			files = (
				529D3DAB2B45947E00F8F4A1 /* Preview Assets.xcassets in Resources */,
				529D3DA82B45947E00F8F4A1 /* Assets.xcassets in Resources */,
			);
			runOnlyForDeploymentPostprocessing = 0;
		};
/* End PBXResourcesBuildPhase section */

/* Begin PBXSourcesBuildPhase section */
		529D3D9C2B45947C00F8F4A1 /* Sources */ = {
			isa = PBXSourcesBuildPhase;
			buildActionMask = 2147483647;
			files = (
				529D3DB72B45B4D400F8F4A1 /* ToastGroup.swift in Sources */,
				529D3DB52B45B49700F8F4A1 /* RootViewContainer.swift in Sources */,
				529D3DA62B45947C00F8F4A1 /* ContentView.swift in Sources */,
				529D3DB32B4594F500F8F4A1 /* Toast.swift in Sources */,
				529D3DB92B45B4F900F8F4A1 /* ToastView.swift in Sources */,
				529D3DA42B45947C00F8F4A1 /* HelperAppWindowSampleApp.swift in Sources */,
			);
			runOnlyForDeploymentPostprocessing = 0;
		};
/* End PBXSourcesBuildPhase section */

/* Begin XCBuildConfiguration section */
		529D3DAC2B45947E00F8F4A1 /* Debug */ = {
			isa = XCBuildConfiguration;
			buildSettings = {
				ALWAYS_SEARCH_USER_PATHS = NO;
				ASSETCATALOG_COMPILER_GENERATE_SWIFT_ASSET_SYMBOL_EXTENSIONS = YES;
				CLANG_ANALYZER_NONNULL = YES;
				CLANG_ANALYZER_NUMBER_OBJECT_CONVERSION = YES_AGGRESSIVE;
				CLANG_CXX_LANGUAGE_STANDARD = "gnu++20";
				CLANG_ENABLE_MODULES = YES;
				CLANG_ENABLE_OBJC_ARC = YES;
				CLANG_ENABLE_OBJC_WEAK = YES;
				CLANG_WARN_BLOCK_CAPTURE_AUTORELEASING = YES;
				CLANG_WARN_BOOL_CONVERSION = YES;
				CLANG_WARN_COMMA = YES;
				CLANG_WARN_CONSTANT_CONVERSION = YES;
				CLANG_WARN_DEPRECATED_OBJC_IMPLEMENTATIONS = YES;
				CLANG_WARN_DIRECT_OBJC_ISA_USAGE = YES_ERROR;
				CLANG_WARN_DOCUMENTATION_COMMENTS = YES;
				CLANG_WARN_EMPTY_BODY = YES;
				CLANG_WARN_ENUM_CONVERSION = YES;
				CLANG_WARN_INFINITE_RECURSION = YES;
				CLANG_WARN_INT_CONVERSION = YES;
				CLANG_WARN_NON_LITERAL_NULL_CONVERSION = YES;
				CLANG_WARN_OBJC_IMPLICIT_RETAIN_SELF = YES;
				CLANG_WARN_OBJC_LITERAL_CONVERSION = YES;
				CLANG_WARN_OBJC_ROOT_CLASS = YES_ERROR;
				CLANG_WARN_QUOTED_INCLUDE_IN_FRAMEWORK_HEADER = YES;
				CLANG_WARN_RANGE_LOOP_ANALYSIS = YES;
				CLANG_WARN_STRICT_PROTOTYPES = YES;
				CLANG_WARN_SUSPICIOUS_MOVE = YES;
				CLANG_WARN_UNGUARDED_AVAILABILITY = YES_AGGRESSIVE;
				CLANG_WARN_UNREACHABLE_CODE = YES;
				CLANG_WARN__DUPLICATE_METHOD_MATCH = YES;
				COPY_PHASE_STRIP = NO;
				DEBUG_INFORMATION_FORMAT = dwarf;
				ENABLE_STRICT_OBJC_MSGSEND = YES;
				ENABLE_TESTABILITY = YES;
				ENABLE_USER_SCRIPT_SANDBOXING = YES;
				GCC_C_LANGUAGE_STANDARD = gnu17;
				GCC_DYNAMIC_NO_PIC = NO;
				GCC_NO_COMMON_BLOCKS = YES;
				GCC_OPTIMIZATION_LEVEL = 0;
				GCC_PREPROCESSOR_DEFINITIONS = (
					"DEBUG=1",
					"$(inherited)",
				);
				GCC_WARN_64_TO_32_BIT_CONVERSION = YES;
				GCC_WARN_ABOUT_RETURN_TYPE = YES_ERROR;
				GCC_WARN_UNDECLARED_SELECTOR = YES;
				GCC_WARN_UNINITIALIZED_AUTOS = YES_AGGRESSIVE;
				GCC_WARN_UNUSED_FUNCTION = YES;
				GCC_WARN_UNUSED_VARIABLE = YES;
				IPHONEOS_DEPLOYMENT_TARGET = 17.2;
				LOCALIZATION_PREFERS_STRING_CATALOGS = YES;
				MTL_ENABLE_DEBUG_INFO = INCLUDE_SOURCE;
				MTL_FAST_MATH = YES;
				ONLY_ACTIVE_ARCH = YES;
				SDKROOT = iphoneos;
				SWIFT_ACTIVE_COMPILATION_CONDITIONS = "DEBUG $(inherited)";
				SWIFT_OPTIMIZATION_LEVEL = "-Onone";
			};
			name = Debug;
		};
		529D3DAD2B45947E00F8F4A1 /* Release */ = {
			isa = XCBuildConfiguration;
			buildSettings = {
				ALWAYS_SEARCH_USER_PATHS = NO;
				ASSETCATALOG_COMPILER_GENERATE_SWIFT_ASSET_SYMBOL_EXTENSIONS = YES;
				CLANG_ANALYZER_NONNULL = YES;
				CLANG_ANALYZER_NUMBER_OBJECT_CONVERSION = YES_AGGRESSIVE;
				CLANG_CXX_LANGUAGE_STANDARD = "gnu++20";
				CLANG_ENABLE_MODULES = YES;
				CLANG_ENABLE_OBJC_ARC = YES;
				CLANG_ENABLE_OBJC_WEAK = YES;
				CLANG_WARN_BLOCK_CAPTURE_AUTORELEASING = YES;
				CLANG_WARN_BOOL_CONVERSION = YES;
				CLANG_WARN_COMMA = YES;
				CLANG_WARN_CONSTANT_CONVERSION = YES;
				CLANG_WARN_DEPRECATED_OBJC_IMPLEMENTATIONS = YES;
				CLANG_WARN_DIRECT_OBJC_ISA_USAGE = YES_ERROR;
				CLANG_WARN_DOCUMENTATION_COMMENTS = YES;
				CLANG_WARN_EMPTY_BODY = YES;
				CLANG_WARN_ENUM_CONVERSION = YES;
				CLANG_WARN_INFINITE_RECURSION = YES;
				CLANG_WARN_INT_CONVERSION = YES;
				CLANG_WARN_NON_LITERAL_NULL_CONVERSION = YES;
				CLANG_WARN_OBJC_IMPLICIT_RETAIN_SELF = YES;
				CLANG_WARN_OBJC_LITERAL_CONVERSION = YES;
				CLANG_WARN_OBJC_ROOT_CLASS = YES_ERROR;
				CLANG_WARN_QUOTED_INCLUDE_IN_FRAMEWORK_HEADER = YES;
				CLANG_WARN_RANGE_LOOP_ANALYSIS = YES;
				CLANG_WARN_STRICT_PROTOTYPES = YES;
				CLANG_WARN_SUSPICIOUS_MOVE = YES;
				CLANG_WARN_UNGUARDED_AVAILABILITY = YES_AGGRESSIVE;
				CLANG_WARN_UNREACHABLE_CODE = YES;
				CLANG_WARN__DUPLICATE_METHOD_MATCH = YES;
				COPY_PHASE_STRIP = NO;
				DEBUG_INFORMATION_FORMAT = "dwarf-with-dsym";
				ENABLE_NS_ASSERTIONS = NO;
				ENABLE_STRICT_OBJC_MSGSEND = YES;
				ENABLE_USER_SCRIPT_SANDBOXING = YES;
				GCC_C_LANGUAGE_STANDARD = gnu17;
				GCC_NO_COMMON_BLOCKS = YES;
				GCC_WARN_64_TO_32_BIT_CONVERSION = YES;
				GCC_WARN_ABOUT_RETURN_TYPE = YES_ERROR;
				GCC_WARN_UNDECLARED_SELECTOR = YES;
				GCC_WARN_UNINITIALIZED_AUTOS = YES_AGGRESSIVE;
				GCC_WARN_UNUSED_FUNCTION = YES;
				GCC_WARN_UNUSED_VARIABLE = YES;
				IPHONEOS_DEPLOYMENT_TARGET = 17.2;
				LOCALIZATION_PREFERS_STRING_CATALOGS = YES;
				MTL_ENABLE_DEBUG_INFO = NO;
				MTL_FAST_MATH = YES;
				SDKROOT = iphoneos;
				SWIFT_COMPILATION_MODE = wholemodule;
				VALIDATE_PRODUCT = YES;
			};
			name = Release;
		};
		529D3DAF2B45947E00F8F4A1 /* Debug */ = {
			isa = XCBuildConfiguration;
			buildSettings = {
				ASSETCATALOG_COMPILER_APPICON_NAME = AppIcon;
				ASSETCATALOG_COMPILER_GLOBAL_ACCENT_COLOR_NAME = AccentColor;
				CODE_SIGN_STYLE = Automatic;
				CURRENT_PROJECT_VERSION = 1;
				DEVELOPMENT_ASSET_PATHS = "\"HelperAppWindowSample/Preview Content\"";
				DEVELOPMENT_TEAM = 3PTYV272Z4;
				ENABLE_PREVIEWS = YES;
				GENERATE_INFOPLIST_FILE = YES;
				INFOPLIST_KEY_UIApplicationSceneManifest_Generation = YES;
				INFOPLIST_KEY_UIApplicationSupportsIndirectInputEvents = YES;
				INFOPLIST_KEY_UILaunchScreen_Generation = YES;
				INFOPLIST_KEY_UISupportedInterfaceOrientations_iPad = "UIInterfaceOrientationPortrait UIInterfaceOrientationPortraitUpsideDown UIInterfaceOrientationLandscapeLeft UIInterfaceOrientationLandscapeRight";
				INFOPLIST_KEY_UISupportedInterfaceOrientations_iPhone = "UIInterfaceOrientationPortrait UIInterfaceOrientationLandscapeLeft UIInterfaceOrientationLandscapeRight";
				LD_RUNPATH_SEARCH_PATHS = (
					"$(inherited)",
					"@executable_path/Frameworks",
				);
				MARKETING_VERSION = 1.0;
				PRODUCT_BUNDLE_IDENTIFIER = com.kr.ssh.HelperAppWindowSample;
				PRODUCT_NAME = "$(TARGET_NAME)";
				SWIFT_EMIT_LOC_STRINGS = YES;
				SWIFT_VERSION = 5.0;
				TARGETED_DEVICE_FAMILY = "1,2";
			};
			name = Debug;
		};
		529D3DB02B45947E00F8F4A1 /* Release */ = {
			isa = XCBuildConfiguration;
			buildSettings = {
				ASSETCATALOG_COMPILER_APPICON_NAME = AppIcon;
				ASSETCATALOG_COMPILER_GLOBAL_ACCENT_COLOR_NAME = AccentColor;
				CODE_SIGN_STYLE = Automatic;
				CURRENT_PROJECT_VERSION = 1;
				DEVELOPMENT_ASSET_PATHS = "\"HelperAppWindowSample/Preview Content\"";
				DEVELOPMENT_TEAM = 3PTYV272Z4;
				ENABLE_PREVIEWS = YES;
				GENERATE_INFOPLIST_FILE = YES;
				INFOPLIST_KEY_UIApplicationSceneManifest_Generation = YES;
				INFOPLIST_KEY_UIApplicationSupportsIndirectInputEvents = YES;
				INFOPLIST_KEY_UILaunchScreen_Generation = YES;
				INFOPLIST_KEY_UISupportedInterfaceOrientations_iPad = "UIInterfaceOrientationPortrait UIInterfaceOrientationPortraitUpsideDown UIInterfaceOrientationLandscapeLeft UIInterfaceOrientationLandscapeRight";
				INFOPLIST_KEY_UISupportedInterfaceOrientations_iPhone = "UIInterfaceOrientationPortrait UIInterfaceOrientationLandscapeLeft UIInterfaceOrientationLandscapeRight";
				LD_RUNPATH_SEARCH_PATHS = (
					"$(inherited)",
					"@executable_path/Frameworks",
				);
				MARKETING_VERSION = 1.0;
				PRODUCT_BUNDLE_IDENTIFIER = com.kr.ssh.HelperAppWindowSample;
				PRODUCT_NAME = "$(TARGET_NAME)";
				SWIFT_EMIT_LOC_STRINGS = YES;
				SWIFT_VERSION = 5.0;
				TARGETED_DEVICE_FAMILY = "1,2";
			};
			name = Release;
		};
/* End XCBuildConfiguration section */

/* Begin XCConfigurationList section */
		529D3D9B2B45947C00F8F4A1 /* Build configuration list for PBXProject "HelperAppWindowSample" */ = {
			isa = XCConfigurationList;
			buildConfigurations = (
				529D3DAC2B45947E00F8F4A1 /* Debug */,
				529D3DAD2B45947E00F8F4A1 /* Release */,
			);
			defaultConfigurationIsVisible = 0;
			defaultConfigurationName = Release;
		};
		529D3DAE2B45947E00F8F4A1 /* Build configuration list for PBXNativeTarget "HelperAppWindowSample" */ = {
			isa = XCConfigurationList;
			buildConfigurations = (
				529D3DAF2B45947E00F8F4A1 /* Debug */,
				529D3DB02B45947E00F8F4A1 /* Release */,
			);
			defaultConfigurationIsVisible = 0;
			defaultConfigurationName = Release;
		};
/* End XCConfigurationList section */
	};
	rootObject = 529D3D982B45947C00F8F4A1 /* Project object */;
}
